// !$*UTF8*$!
{
	archiveVersion = 1;
	classes = {
	};
	objectVersion = 50;
	objects = {

/* Begin PBXBuildFile section */
		813B1749263316770078717C /* TextViewController.m in Sources */ = {isa = PBXBuildFile; fileRef = 813B1748263316770078717C /* TextViewController.m */; };
		816CEC42261B64450020F471 /* AppDelegate.m in Sources */ = {isa = PBXBuildFile; fileRef = 816CEC41261B64450020F471 /* AppDelegate.m */; };
		816CEC45261B64450020F471 /* SceneDelegate.m in Sources */ = {isa = PBXBuildFile; fileRef = 816CEC44261B64450020F471 /* SceneDelegate.m */; };
		816CEC4B261B64450020F471 /* Main.storyboard in Resources */ = {isa = PBXBuildFile; fileRef = 816CEC49261B64450020F471 /* Main.storyboard */; };
		816CEC4D261B644C0020F471 /* Assets.xcassets in Resources */ = {isa = PBXBuildFile; fileRef = 816CEC4C261B644C0020F471 /* Assets.xcassets */; };
		816CEC50261B644C0020F471 /* LaunchScreen.storyboard in Resources */ = {isa = PBXBuildFile; fileRef = 816CEC4E261B644C0020F471 /* LaunchScreen.storyboard */; };
		816CEC53261B644C0020F471 /* main.m in Sources */ = {isa = PBXBuildFile; fileRef = 816CEC52261B644C0020F471 /* main.m */; };
		816CEC5C261B64E90020F471 /* TableViewController.m in Sources */ = {isa = PBXBuildFile; fileRef = 816CEC5B261B64E90020F471 /* TableViewController.m */; };
		816CEC6C261C68F50020F471 /* NetworkSession.m in Sources */ = {isa = PBXBuildFile; fileRef = 816CEC6B261C68F50020F471 /* NetworkSession.m */; };
		816CEC70261CA16D0020F471 /* ImagesCollectionViewController.m in Sources */ = {isa = PBXBuildFile; fileRef = 816CEC6F261CA16D0020F471 /* ImagesCollectionViewController.m */; };
		816CEC74261CA1DC0020F471 /* ImageDetailViewController.m in Sources */ = {isa = PBXBuildFile; fileRef = 816CEC73261CA1DC0020F471 /* ImageDetailViewController.m */; };
		816CEC79261CDE860020F471 /* ImageCollectionViewCell.m in Sources */ = {isa = PBXBuildFile; fileRef = 816CEC78261CDE860020F471 /* ImageCollectionViewCell.m */; };
/* End PBXBuildFile section */

/* Begin PBXFileReference section */
		813B1747263316770078717C /* TextViewController.h */ = {isa = PBXFileReference; lastKnownFileType = sourcecode.c.h; path = TextViewController.h; sourceTree = "<group>"; };
		813B1748263316770078717C /* TextViewController.m */ = {isa = PBXFileReference; lastKnownFileType = sourcecode.c.objc; path = TextViewController.m; sourceTree = "<group>"; };
		816CEC3D261B64450020F471 /* DigDes.app */ = {isa = PBXFileReference; explicitFileType = wrapper.application; includeInIndex = 0; path = DigDes.app; sourceTree = BUILT_PRODUCTS_DIR; };
		816CEC40261B64450020F471 /* AppDelegate.h */ = {isa = PBXFileReference; lastKnownFileType = sourcecode.c.h; path = AppDelegate.h; sourceTree = "<group>"; };
		816CEC41261B64450020F471 /* AppDelegate.m */ = {isa = PBXFileReference; lastKnownFileType = sourcecode.c.objc; path = AppDelegate.m; sourceTree = "<group>"; };
		816CEC43261B64450020F471 /* SceneDelegate.h */ = {isa = PBXFileReference; lastKnownFileType = sourcecode.c.h; path = SceneDelegate.h; sourceTree = "<group>"; };
		816CEC44261B64450020F471 /* SceneDelegate.m */ = {isa = PBXFileReference; lastKnownFileType = sourcecode.c.objc; path = SceneDelegate.m; sourceTree = "<group>"; };
		816CEC4A261B64450020F471 /* Base */ = {isa = PBXFileReference; lastKnownFileType = file.storyboard; name = Base; path = Base.lproj/Main.storyboard; sourceTree = "<group>"; };
		816CEC4C261B644C0020F471 /* Assets.xcassets */ = {isa = PBXFileReference; lastKnownFileType = folder.assetcatalog; path = Assets.xcassets; sourceTree = "<group>"; };
		816CEC4F261B644C0020F471 /* Base */ = {isa = PBXFileReference; lastKnownFileType = file.storyboard; name = Base; path = Base.lproj/LaunchScreen.storyboard; sourceTree = "<group>"; };
		816CEC51261B644C0020F471 /* Info.plist */ = {isa = PBXFileReference; lastKnownFileType = text.plist.xml; path = Info.plist; sourceTree = "<group>"; };
		816CEC52261B644C0020F471 /* main.m */ = {isa = PBXFileReference; lastKnownFileType = sourcecode.c.objc; path = main.m; sourceTree = "<group>"; };
		816CEC5A261B64E90020F471 /* TableViewController.h */ = {isa = PBXFileReference; lastKnownFileType = sourcecode.c.h; path = TableViewController.h; sourceTree = "<group>"; };
		816CEC5B261B64E90020F471 /* TableViewController.m */ = {isa = PBXFileReference; lastKnownFileType = sourcecode.c.objc; path = TableViewController.m; sourceTree = "<group>"; };
		816CEC6A261C68F50020F471 /* NetworkSession.h */ = {isa = PBXFileReference; lastKnownFileType = sourcecode.c.h; path = NetworkSession.h; sourceTree = "<group>"; };
		816CEC6B261C68F50020F471 /* NetworkSession.m */ = {isa = PBXFileReference; lastKnownFileType = sourcecode.c.objc; path = NetworkSession.m; sourceTree = "<group>"; };
		816CEC6E261CA16D0020F471 /* ImagesCollectionViewController.h */ = {isa = PBXFileReference; lastKnownFileType = sourcecode.c.h; path = ImagesCollectionViewController.h; sourceTree = "<group>"; };
		816CEC6F261CA16D0020F471 /* ImagesCollectionViewController.m */ = {isa = PBXFileReference; lastKnownFileType = sourcecode.c.objc; path = ImagesCollectionViewController.m; sourceTree = "<group>"; };
		816CEC72261CA1DC0020F471 /* ImageDetailViewController.h */ = {isa = PBXFileReference; lastKnownFileType = sourcecode.c.h; path = ImageDetailViewController.h; sourceTree = "<group>"; };
		816CEC73261CA1DC0020F471 /* ImageDetailViewController.m */ = {isa = PBXFileReference; lastKnownFileType = sourcecode.c.objc; path = ImageDetailViewController.m; sourceTree = "<group>"; };
		816CEC77261CDE860020F471 /* ImageCollectionViewCell.h */ = {isa = PBXFileReference; lastKnownFileType = sourcecode.c.h; path = ImageCollectionViewCell.h; sourceTree = "<group>"; };
		816CEC78261CDE860020F471 /* ImageCollectionViewCell.m */ = {isa = PBXFileReference; lastKnownFileType = sourcecode.c.objc; path = ImageCollectionViewCell.m; sourceTree = "<group>"; };
/* End PBXFileReference section */

/* Begin PBXFrameworksBuildPhase section */
		816CEC3A261B64450020F471 /* Frameworks */ = {
			isa = PBXFrameworksBuildPhase;
			buildActionMask = 2147483647;
			files = (
			);
			runOnlyForDeploymentPostprocessing = 0;
		};
/* End PBXFrameworksBuildPhase section */

/* Begin PBXGroup section */
		813B174B263316810078717C /* TextFieldView */ = {
			isa = PBXGroup;
			children = (
				813B1747263316770078717C /* TextViewController.h */,
				813B1748263316770078717C /* TextViewController.m */,
			);
			path = TextFieldView;
			sourceTree = "<group>";
		};
		816CEC34261B64450020F471 = {
			isa = PBXGroup;
			children = (
				816CEC3F261B64450020F471 /* DigDes */,
				816CEC3E261B64450020F471 /* Products */,
			);
			sourceTree = "<group>";
		};
		816CEC3E261B64450020F471 /* Products */ = {
			isa = PBXGroup;
			children = (
				816CEC3D261B64450020F471 /* DigDes.app */,
			);
			name = Products;
			sourceTree = "<group>";
		};
		816CEC3F261B64450020F471 /* DigDes */ = {
			isa = PBXGroup;
			children = (
				816CEC80261D17950020F471 /* Network */,
				816CEC7D261D17420020F471 /* ImagesCollection */,
				816CEC82261D17B20020F471 /* DetailView */,
				816CEC83261D17EE0020F471 /* FirstView */,
				813B174B263316810078717C /* TextFieldView */,
				816CEC40261B64450020F471 /* AppDelegate.h */,
				816CEC41261B64450020F471 /* AppDelegate.m */,
				816CEC43261B64450020F471 /* SceneDelegate.h */,
				816CEC44261B64450020F471 /* SceneDelegate.m */,
				816CEC49261B64450020F471 /* Main.storyboard */,
				816CEC4C261B644C0020F471 /* Assets.xcassets */,
				816CEC4E261B644C0020F471 /* LaunchScreen.storyboard */,
				816CEC51261B644C0020F471 /* Info.plist */,
				816CEC52261B644C0020F471 /* main.m */,
			);
			path = DigDes;
			sourceTree = "<group>";
		};
		816CEC7D261D17420020F471 /* ImagesCollection */ = {
			isa = PBXGroup;
			children = (
				816CEC7F261D17660020F471 /* ViewCell */,
				816CEC6E261CA16D0020F471 /* ImagesCollectionViewController.h */,
				816CEC6F261CA16D0020F471 /* ImagesCollectionViewController.m */,
			);
			path = ImagesCollection;
			sourceTree = "<group>";
		};
		816CEC7F261D17660020F471 /* ViewCell */ = {
			isa = PBXGroup;
			children = (
				816CEC77261CDE860020F471 /* ImageCollectionViewCell.h */,
				816CEC78261CDE860020F471 /* ImageCollectionViewCell.m */,
			);
			path = ViewCell;
			sourceTree = "<group>";
		};
		816CEC80261D17950020F471 /* Network */ = {
			isa = PBXGroup;
			children = (
				816CEC6A261C68F50020F471 /* NetworkSession.h */,
				816CEC6B261C68F50020F471 /* NetworkSession.m */,
			);
			path = Network;
			sourceTree = "<group>";
		};
		816CEC82261D17B20020F471 /* DetailView */ = {
			isa = PBXGroup;
			children = (
				816CEC72261CA1DC0020F471 /* ImageDetailViewController.h */,
				816CEC73261CA1DC0020F471 /* ImageDetailViewController.m */,
			);
			path = DetailView;
			sourceTree = "<group>";
		};
		816CEC83261D17EE0020F471 /* FirstView */ = {
			isa = PBXGroup;
			children = (
				816CEC5A261B64E90020F471 /* TableViewController.h */,
				816CEC5B261B64E90020F471 /* TableViewController.m */,
			);
			path = FirstView;
			sourceTree = "<group>";
		};
/* End PBXGroup section */

/* Begin PBXNativeTarget section */
		816CEC3C261B64450020F471 /* DigDes */ = {
			isa = PBXNativeTarget;
			buildConfigurationList = 816CEC56261B644C0020F471 /* Build configuration list for PBXNativeTarget "DigDes" */;
			buildPhases = (
				816CEC39261B64450020F471 /* Sources */,
				816CEC3A261B64450020F471 /* Frameworks */,
				816CEC3B261B64450020F471 /* Resources */,
			);
			buildRules = (
			);
			dependencies = (
			);
			name = DigDes;
			productName = DigDes;
			productReference = 816CEC3D261B64450020F471 /* DigDes.app */;
			productType = "com.apple.product-type.application";
		};
/* End PBXNativeTarget section */

/* Begin PBXProject section */
		816CEC35261B64450020F471 /* Project object */ = {
			isa = PBXProject;
			attributes = {
				LastUpgradeCheck = 1240;
				TargetAttributes = {
					816CEC3C261B64450020F471 = {
						CreatedOnToolsVersion = 12.4;
					};
				};
			};
			buildConfigurationList = 816CEC38261B64450020F471 /* Build configuration list for PBXProject "DigDes" */;
			compatibilityVersion = "Xcode 9.3";
			developmentRegion = en;
			hasScannedForEncodings = 0;
			knownRegions = (
				en,
				Base,
			);
			mainGroup = 816CEC34261B64450020F471;
			productRefGroup = 816CEC3E261B64450020F471 /* Products */;
			projectDirPath = "";
			projectRoot = "";
			targets = (
				816CEC3C261B64450020F471 /* DigDes */,
			);
		};
/* End PBXProject section */

/* Begin PBXResourcesBuildPhase section */
		816CEC3B261B64450020F471 /* Resources */ = {
			isa = PBXResourcesBuildPhase;
			buildActionMask = 2147483647;
			files = (
				816CEC50261B644C0020F471 /* LaunchScreen.storyboard in Resources */,
				816CEC4D261B644C0020F471 /* Assets.xcassets in Resources */,
				816CEC4B261B64450020F471 /* Main.storyboard in Resources */,
			);
			runOnlyForDeploymentPostprocessing = 0;
		};
/* End PBXResourcesBuildPhase section */

/* Begin PBXSourcesBuildPhase section */
		816CEC39261B64450020F471 /* Sources */ = {
			isa = PBXSourcesBuildPhase;
			buildActionMask = 2147483647;
			files = (
				813B1749263316770078717C /* TextViewController.m in Sources */,
				816CEC70261CA16D0020F471 /* ImagesCollectionViewController.m in Sources */,
				816CEC42261B64450020F471 /* AppDelegate.m in Sources */,
				816CEC53261B644C0020F471 /* main.m in Sources */,
				816CEC5C261B64E90020F471 /* TableViewController.m in Sources */,
				816CEC6C261C68F50020F471 /* NetworkSession.m in Sources */,
				816CEC74261CA1DC0020F471 /* ImageDetailViewController.m in Sources */,
				816CEC79261CDE860020F471 /* ImageCollectionViewCell.m in Sources */,
				816CEC45261B64450020F471 /* SceneDelegate.m in Sources */,
			);
			runOnlyForDeploymentPostprocessing = 0;
		};
/* End PBXSourcesBuildPhase section */

/* Begin PBXVariantGroup section */
		816CEC49261B64450020F471 /* Main.storyboard */ = {
			isa = PBXVariantGroup;
			children = (
				816CEC4A261B64450020F471 /* Base */,
			);
			name = Main.storyboard;
			sourceTree = "<group>";
		};
		816CEC4E261B644C0020F471 /* LaunchScreen.storyboard */ = {
			isa = PBXVariantGroup;
			children = (
				816CEC4F261B644C0020F471 /* Base */,
			);
			name = LaunchScreen.storyboard;
			sourceTree = "<group>";
		};
/* End PBXVariantGroup section */

/* Begin XCBuildConfiguration section */
		816CEC54261B644C0020F471 /* Debug */ = {
			isa = XCBuildConfiguration;
			buildSettings = {
				ALWAYS_SEARCH_USER_PATHS = NO;
				CLANG_ANALYZER_NONNULL = YES;
				CLANG_ANALYZER_NUMBER_OBJECT_CONVERSION = YES_AGGRESSIVE;
				CLANG_CXX_LANGUAGE_STANDARD = "gnu++14";
				CLANG_CXX_LIBRARY = "libc++";
				CLANG_ENABLE_MODULES = YES;
				CLANG_ENABLE_OBJC_ARC = YES;
				CLANG_ENABLE_OBJC_WEAK = YES;
				CLANG_WARN_BLOCK_CAPTURE_AUTORELEASING = YES;
				CLANG_WARN_BOOL_CONVERSION = YES;
				CLANG_WARN_COMMA = YES;
				CLANG_WARN_CONSTANT_CONVERSION = YES;
				CLANG_WARN_DEPRECATED_OBJC_IMPLEMENTATIONS = YES;
				CLANG_WARN_DIRECT_OBJC_ISA_USAGE = YES_ERROR;
				CLANG_WARN_DOCUMENTATION_COMMENTS = YES;
				CLANG_WARN_EMPTY_BODY = YES;
				CLANG_WARN_ENUM_CONVERSION = YES;
				CLANG_WARN_INFINITE_RECURSION = YES;
				CLANG_WARN_INT_CONVERSION = YES;
				CLANG_WARN_NON_LITERAL_NULL_CONVERSION = YES;
				CLANG_WARN_OBJC_IMPLICIT_RETAIN_SELF = YES;
				CLANG_WARN_OBJC_LITERAL_CONVERSION = YES;
				CLANG_WARN_OBJC_ROOT_CLASS = YES_ERROR;
				CLANG_WARN_QUOTED_INCLUDE_IN_FRAMEWORK_HEADER = YES;
				CLANG_WARN_RANGE_LOOP_ANALYSIS = YES;
				CLANG_WARN_STRICT_PROTOTYPES = YES;
				CLANG_WARN_SUSPICIOUS_MOVE = YES;
				CLANG_WARN_UNGUARDED_AVAILABILITY = YES_AGGRESSIVE;
				CLANG_WARN_UNREACHABLE_CODE = YES;
				CLANG_WARN__DUPLICATE_METHOD_MATCH = YES;
				COPY_PHASE_STRIP = NO;
				DEBUG_INFORMATION_FORMAT = dwarf;
				ENABLE_STRICT_OBJC_MSGSEND = YES;
				ENABLE_TESTABILITY = YES;
				GCC_C_LANGUAGE_STANDARD = gnu11;
				GCC_DYNAMIC_NO_PIC = NO;
				GCC_NO_COMMON_BLOCKS = YES;
				GCC_OPTIMIZATION_LEVEL = 0;
				GCC_PREPROCESSOR_DEFINITIONS = (
					"DEBUG=1",
					"$(inherited)",
				);
				GCC_WARN_64_TO_32_BIT_CONVERSION = YES;
				GCC_WARN_ABOUT_RETURN_TYPE = YES_ERROR;
				GCC_WARN_UNDECLARED_SELECTOR = YES;
				GCC_WARN_UNINITIALIZED_AUTOS = YES_AGGRESSIVE;
				GCC_WARN_UNUSED_FUNCTION = YES;
				GCC_WARN_UNUSED_VARIABLE = YES;
				IPHONEOS_DEPLOYMENT_TARGET = 14.4;
				MTL_ENABLE_DEBUG_INFO = INCLUDE_SOURCE;
				MTL_FAST_MATH = YES;
				ONLY_ACTIVE_ARCH = YES;
				SDKROOT = iphoneos;
			};
			name = Debug;
		};
		816CEC55261B644C0020F471 /* Release */ = {
			isa = XCBuildConfiguration;
			buildSettings = {
				ALWAYS_SEARCH_USER_PATHS = NO;
				CLANG_ANALYZER_NONNULL = YES;
				CLANG_ANALYZER_NUMBER_OBJECT_CONVERSION = YES_AGGRESSIVE;
				CLANG_CXX_LANGUAGE_STANDARD = "gnu++14";
				CLANG_CXX_LIBRARY = "libc++";
				CLANG_ENABLE_MODULES = YES;
				CLANG_ENABLE_OBJC_ARC = YES;
				CLANG_ENABLE_OBJC_WEAK = YES;
				CLANG_WARN_BLOCK_CAPTURE_AUTORELEASING = YES;
				CLANG_WARN_BOOL_CONVERSION = YES;
				CLANG_WARN_COMMA = YES;
				CLANG_WARN_CONSTANT_CONVERSION = YES;
				CLANG_WARN_DEPRECATED_OBJC_IMPLEMENTATIONS = YES;
				CLANG_WARN_DIRECT_OBJC_ISA_USAGE = YES_ERROR;
				CLANG_WARN_DOCUMENTATION_COMMENTS = YES;
				CLANG_WARN_EMPTY_BODY = YES;
				CLANG_WARN_ENUM_CONVERSION = YES;
				CLANG_WARN_INFINITE_RECURSION = YES;
				CLANG_WARN_INT_CONVERSION = YES;
				CLANG_WARN_NON_LITERAL_NULL_CONVERSION = YES;
				CLANG_WARN_OBJC_IMPLICIT_RETAIN_SELF = YES;
				CLANG_WARN_OBJC_LITERAL_CONVERSION = YES;
				CLANG_WARN_OBJC_ROOT_CLASS = YES_ERROR;
				CLANG_WARN_QUOTED_INCLUDE_IN_FRAMEWORK_HEADER = YES;
				CLANG_WARN_RANGE_LOOP_ANALYSIS = YES;
				CLANG_WARN_STRICT_PROTOTYPES = YES;
				CLANG_WARN_SUSPICIOUS_MOVE = YES;
				CLANG_WARN_UNGUARDED_AVAILABILITY = YES_AGGRESSIVE;
				CLANG_WARN_UNREACHABLE_CODE = YES;
				CLANG_WARN__DUPLICATE_METHOD_MATCH = YES;
				COPY_PHASE_STRIP = NO;
				DEBUG_INFORMATION_FORMAT = "dwarf-with-dsym";
				ENABLE_NS_ASSERTIONS = NO;
				ENABLE_STRICT_OBJC_MSGSEND = YES;
				GCC_C_LANGUAGE_STANDARD = gnu11;
				GCC_NO_COMMON_BLOCKS = YES;
				GCC_WARN_64_TO_32_BIT_CONVERSION = YES;
				GCC_WARN_ABOUT_RETURN_TYPE = YES_ERROR;
				GCC_WARN_UNDECLARED_SELECTOR = YES;
				GCC_WARN_UNINITIALIZED_AUTOS = YES_AGGRESSIVE;
				GCC_WARN_UNUSED_FUNCTION = YES;
				GCC_WARN_UNUSED_VARIABLE = YES;
				IPHONEOS_DEPLOYMENT_TARGET = 14.4;
				MTL_ENABLE_DEBUG_INFO = NO;
				MTL_FAST_MATH = YES;
				SDKROOT = iphoneos;
				VALIDATE_PRODUCT = YES;
			};
			name = Release;
		};
		816CEC57261B644C0020F471 /* Debug */ = {
			isa = XCBuildConfiguration;
			buildSettings = {
				ASSETCATALOG_COMPILER_APPICON_NAME = AppIcon;
				ASSETCATALOG_COMPILER_GLOBAL_ACCENT_COLOR_NAME = AccentColor;
				CODE_SIGN_STYLE = Automatic;
				DEVELOPMENT_TEAM = U9UQ8H297N;
				INFOPLIST_FILE = DigDes/Info.plist;
				LD_RUNPATH_SEARCH_PATHS = (
					"$(inherited)",
					"@executable_path/Frameworks",
				);
				PRODUCT_BUNDLE_IDENTIFIER = Ilya.DigDes;
				PRODUCT_NAME = "$(TARGET_NAME)";
				TARGETED_DEVICE_FAMILY = "1,2";
			};
			name = Debug;
		};
		816CEC58261B644C0020F471 /* Release */ = {
			isa = XCBuildConfiguration;
			buildSettings = {
				ASSETCATALOG_COMPILER_APPICON_NAME = AppIcon;
				ASSETCATALOG_COMPILER_GLOBAL_ACCENT_COLOR_NAME = AccentColor;
				CODE_SIGN_STYLE = Automatic;
				DEVELOPMENT_TEAM = U9UQ8H297N;
				INFOPLIST_FILE = DigDes/Info.plist;
				LD_RUNPATH_SEARCH_PATHS = (
					"$(inherited)",
					"@executable_path/Frameworks",
				);
				PRODUCT_BUNDLE_IDENTIFIER = Ilya.DigDes;
				PRODUCT_NAME = "$(TARGET_NAME)";
				TARGETED_DEVICE_FAMILY = "1,2";
			};
			name = Release;
		};
/* End XCBuildConfiguration section */

/* Begin XCConfigurationList section */
		816CEC38261B64450020F471 /* Build configuration list for PBXProject "DigDes" */ = {
			isa = XCConfigurationList;
			buildConfigurations = (
				816CEC54261B644C0020F471 /* Debug */,
				816CEC55261B644C0020F471 /* Release */,
			);
			defaultConfigurationIsVisible = 0;
			defaultConfigurationName = Release;
		};
		816CEC56261B644C0020F471 /* Build configuration list for PBXNativeTarget "DigDes" */ = {
			isa = XCConfigurationList;
			buildConfigurations = (
				816CEC57261B644C0020F471 /* Debug */,
				816CEC58261B644C0020F471 /* Release */,
			);
			defaultConfigurationIsVisible = 0;
			defaultConfigurationName = Release;
		};
/* End XCConfigurationList section */
	};
	rootObject = 816CEC35261B64450020F471 /* Project object */;
}
